
Microsoft Visual Studio Solution File, Format Version 12.00
# Visual Studio Version 16
VisualStudioVersion = 16.0.31515.178
MinimumVisualStudioVersion = 10.0.40219.1
Project("{FAE04EC0-301F-11D3-BF4B-00C04F79EFBC}") = "LEAP-v0_3", "LEAP-v0_3\LEAP-v0_3.csproj", "{03EBD114-6F6D-4EBC-989C-98B650AEC70C}"
EndProject
Global
	GlobalSection(SolutionConfigurationPlatforms) = preSolution
		Debug|Any CPU = Debug|Any CPU
		Release|Any CPU = Release|Any CPU
	EndGlobalSection
	GlobalSection(ProjectConfigurationPlatforms) = postSolution
		{03EBD114-6F6D-4EBC-989C-98B650AEC70C}.Debug|Any CPU.ActiveCfg = Debug|Any CPU
		{03EBD114-6F6D-4EBC-989C-98B650AEC70C}.Debug|Any CPU.Build.0 = Debug|Any CPU
		{03EBD114-6F6D-4EBC-989C-98B650AEC70C}.Release|Any CPU.ActiveCfg = Release|Any CPU
		{03EBD114-6F6D-4EBC-989C-98B650AEC70C}.Release|Any CPU.Build.0 = Release|Any CPU
	EndGlobalSection
	GlobalSection(SolutionProperties) = preSolution
		HideSolutionNode = FALSE
	EndGlobalSection
	GlobalSection(ExtensibilityGlobals) = postSolution
		SolutionGuid = {BCDEB22C-025C-4E82-BE25-9239F2337F4F}
	EndGlobalSection
EndGlobal
